
Microsoft Visual Studio Solution File, Format Version 12.00
# Visual Studio Version 17
VisualStudioVersion = 17.5.33627.172
MinimumVisualStudioVersion = 10.0.40219.1
Project("{FAE04EC0-301F-11D3-BF4B-00C04F79EFBC}") = "WebCaso1", "WebCaso1\WebCaso1.csproj", "{F696015A-59E3-493E-879A-33C207C5AC80}"
EndProject
Global
	GlobalSection(SolutionConfigurationPlatforms) = preSolution
		Debug|Any CPU = Debug|Any CPU
		Release|Any CPU = Release|Any CPU
	EndGlobalSection
	GlobalSection(ProjectConfigurationPlatforms) = postSolution
		{F696015A-59E3-493E-879A-33C207C5AC80}.Debug|Any CPU.ActiveCfg = Debug|Any CPU
		{F696015A-59E3-493E-879A-33C207C5AC80}.Debug|Any CPU.Build.0 = Debug|Any CPU
		{F696015A-59E3-493E-879A-33C207C5AC80}.Release|Any CPU.ActiveCfg = Release|Any CPU
		{F696015A-59E3-493E-879A-33C207C5AC80}.Release|Any CPU.Build.0 = Release|Any CPU
	EndGlobalSection
	GlobalSection(SolutionProperties) = preSolution
		HideSolutionNode = FALSE
	EndGlobalSection
	GlobalSection(ExtensibilityGlobals) = postSolution
		SolutionGuid = {22B55A0B-6C07-4EFB-A084-F9699743E39D}
	EndGlobalSection
EndGlobal
